
Microsoft Visual Studio Solution File, Format Version 10.00
# Visual C++ Express 2008
Project("{8BC9CEB8-8B4A-11D0-8D11-00A0C91BC942}") = "libcnotify", "libcnotify\libcnotify.vcproj", "{C7FEFBD5-1825-4AED-B370-0FD5B770A133}"
	ProjectSection(ProjectDependencies) = postProject
		{CA10B2CC-C3CF-49A3-BA29-BF339FD03951} = {CA10B2CC-C3CF-49A3-BA29-BF339FD03951}
	EndProjectSection
EndProject
Project("{8BC9CEB8-8B4A-11D0-8D11-00A0C91BC942}") = "libcerror", "libcerror\libcerror.vcproj", "{CA10B2CC-C3CF-49A3-BA29-BF339FD03951}"
EndProject
Project("{8BC9CEB8-8B4A-11D0-8D11-00A0C91BC942}") = "libuna", "libuna\libuna.vcproj", "{071F08FB-DEB6-4550-BA4A-5E37C73C8AE3}"
	ProjectSection(ProjectDependencies) = postProject
		{CA10B2CC-C3CF-49A3-BA29-BF339FD03951} = {CA10B2CC-C3CF-49A3-BA29-BF339FD03951}
	EndProjectSection
EndProject
Project("{8BC9CEB8-8B4A-11D0-8D11-00A0C91BC942}") = "fmapi_test_entry_identifier", "fmapi_test_entry_identifier\fmapi_test_entry_identifier.vcproj", "{ECA0E6C3-9803-41CD-9C99-7B3DF9163F1C}"
	ProjectSection(ProjectDependencies) = postProject
		{6DB3AC71-D53A-4DA4-8A22-1FCAC11F9D4D} = {6DB3AC71-D53A-4DA4-8A22-1FCAC11F9D4D}
		{CA10B2CC-C3CF-49A3-BA29-BF339FD03951} = {CA10B2CC-C3CF-49A3-BA29-BF339FD03951}
	EndProjectSection
EndProject
Project("{8BC9CEB8-8B4A-11D0-8D11-00A0C91BC942}") = "fmapi_test_error", "fmapi_test_error\fmapi_test_error.vcproj", "{24905EF1-21F1-47B6-B218-51757EDE85C1}"
	ProjectSection(ProjectDependencies) = postProject
		{6DB3AC71-D53A-4DA4-8A22-1FCAC11F9D4D} = {6DB3AC71-D53A-4DA4-8A22-1FCAC11F9D4D}
	EndProjectSection
EndProject
Project("{8BC9CEB8-8B4A-11D0-8D11-00A0C91BC942}") = "fmapi_test_one_off_entry_identifier", "fmapi_test_one_off_entry_identifier\fmapi_test_one_off_entry_identifier.vcproj", "{50D30CE1-4192-408C-B5C0-505A532A934E}"
	ProjectSection(ProjectDependencies) = postProject
		{6DB3AC71-D53A-4DA4-8A22-1FCAC11F9D4D} = {6DB3AC71-D53A-4DA4-8A22-1FCAC11F9D4D}
		{CA10B2CC-C3CF-49A3-BA29-BF339FD03951} = {CA10B2CC-C3CF-49A3-BA29-BF339FD03951}
	EndProjectSection
EndProject
Project("{8BC9CEB8-8B4A-11D0-8D11-00A0C91BC942}") = "fmapi_test_property_type", "fmapi_test_property_type\fmapi_test_property_type.vcproj", "{6084967C-5061-47D7-8A5F-3BC53ED6D314}"
	ProjectSection(ProjectDependencies) = postProject
		{6DB3AC71-D53A-4DA4-8A22-1FCAC11F9D4D} = {6DB3AC71-D53A-4DA4-8A22-1FCAC11F9D4D}
		{CA10B2CC-C3CF-49A3-BA29-BF339FD03951} = {CA10B2CC-C3CF-49A3-BA29-BF339FD03951}
	EndProjectSection
EndProject
Project("{8BC9CEB8-8B4A-11D0-8D11-00A0C91BC942}") = "fmapi_test_support", "fmapi_test_support\fmapi_test_support.vcproj", "{EFDEDE63-6AAD-4C92-978C-B15F3C59CE32}"
	ProjectSection(ProjectDependencies) = postProject
		{6DB3AC71-D53A-4DA4-8A22-1FCAC11F9D4D} = {6DB3AC71-D53A-4DA4-8A22-1FCAC11F9D4D}
	EndProjectSection
EndProject
Project("{8BC9CEB8-8B4A-11D0-8D11-00A0C91BC942}") = "fmapi_test_value_type", "fmapi_test_value_type\fmapi_test_value_type.vcproj", "{2839D2D6-46A2-49CC-A6BB-99125A6AA3A4}"
	ProjectSection(ProjectDependencies) = postProject
		{6DB3AC71-D53A-4DA4-8A22-1FCAC11F9D4D} = {6DB3AC71-D53A-4DA4-8A22-1FCAC11F9D4D}
		{CA10B2CC-C3CF-49A3-BA29-BF339FD03951} = {CA10B2CC-C3CF-49A3-BA29-BF339FD03951}
	EndProjectSection
EndProject
Project("{8BC9CEB8-8B4A-11D0-8D11-00A0C91BC942}") = "fmapi_test_x400_object_identifier", "fmapi_test_x400_object_identifier\fmapi_test_x400_object_identifier.vcproj", "{7C0164C1-ACAD-4BF1-92A5-9407624A134D}"
	ProjectSection(ProjectDependencies) = postProject
		{6DB3AC71-D53A-4DA4-8A22-1FCAC11F9D4D} = {6DB3AC71-D53A-4DA4-8A22-1FCAC11F9D4D}
		{CA10B2CC-C3CF-49A3-BA29-BF339FD03951} = {CA10B2CC-C3CF-49A3-BA29-BF339FD03951}
	EndProjectSection
EndProject
Project("{8BC9CEB8-8B4A-11D0-8D11-00A0C91BC942}") = "libfwnt", "libfwnt\libfwnt.vcproj", "{2F88296D-FBFD-48A8-BACC-6EC595BCB78B}"
	ProjectSection(ProjectDependencies) = postProject
		{CA10B2CC-C3CF-49A3-BA29-BF339FD03951} = {CA10B2CC-C3CF-49A3-BA29-BF339FD03951}
		{FE859D84-EC70-43E6-B804-42747152E330} = {FE859D84-EC70-43E6-B804-42747152E330}
		{CAF4F5F4-EDB4-4365-ACB6-9DCF56676A77} = {CAF4F5F4-EDB4-4365-ACB6-9DCF56676A77}
		{C7FEFBD5-1825-4AED-B370-0FD5B770A133} = {C7FEFBD5-1825-4AED-B370-0FD5B770A133}
	EndProjectSection
EndProject
Project("{8BC9CEB8-8B4A-11D0-8D11-00A0C91BC942}") = "libfdatetime", "libfdatetime\libfdatetime.vcproj", "{981F7288-DB24-4641-AB9A-298AC911EC18}"
	ProjectSection(ProjectDependencies) = postProject
		{CA10B2CC-C3CF-49A3-BA29-BF339FD03951} = {CA10B2CC-C3CF-49A3-BA29-BF339FD03951}
	EndProjectSection
EndProject
Project("{8BC9CEB8-8B4A-11D0-8D11-00A0C91BC942}") = "libcthreads", "libcthreads\libcthreads.vcproj", "{FE859D84-EC70-43E6-B804-42747152E330}"
	ProjectSection(ProjectDependencies) = postProject
		{CA10B2CC-C3CF-49A3-BA29-BF339FD03951} = {CA10B2CC-C3CF-49A3-BA29-BF339FD03951}
	EndProjectSection
EndProject
Project("{8BC9CEB8-8B4A-11D0-8D11-00A0C91BC942}") = "libfguid", "libfguid\libfguid.vcproj", "{ECE9959F-22C2-4B0D-9070-DEFD5D7AA57D}"
	ProjectSection(ProjectDependencies) = postProject
		{CA10B2CC-C3CF-49A3-BA29-BF339FD03951} = {CA10B2CC-C3CF-49A3-BA29-BF339FD03951}
	EndProjectSection
EndProject
Project("{8BC9CEB8-8B4A-11D0-8D11-00A0C91BC942}") = "libcdata", "libcdata\libcdata.vcproj", "{CAF4F5F4-EDB4-4365-ACB6-9DCF56676A77}"
	ProjectSection(ProjectDependencies) = postProject
		{CA10B2CC-C3CF-49A3-BA29-BF339FD03951} = {CA10B2CC-C3CF-49A3-BA29-BF339FD03951}
		{FE859D84-EC70-43E6-B804-42747152E330} = {FE859D84-EC70-43E6-B804-42747152E330}
	EndProjectSection
EndProject
Project("{8BC9CEB8-8B4A-11D0-8D11-00A0C91BC942}") = "libfmapi", "libfmapi\libfmapi.vcproj", "{6DB3AC71-D53A-4DA4-8A22-1FCAC11F9D4D}"
	ProjectSection(ProjectDependencies) = postProject
		{CA10B2CC-C3CF-49A3-BA29-BF339FD03951} = {CA10B2CC-C3CF-49A3-BA29-BF339FD03951}
		{FE859D84-EC70-43E6-B804-42747152E330} = {FE859D84-EC70-43E6-B804-42747152E330}
		{CAF4F5F4-EDB4-4365-ACB6-9DCF56676A77} = {CAF4F5F4-EDB4-4365-ACB6-9DCF56676A77}
		{C7FEFBD5-1825-4AED-B370-0FD5B770A133} = {C7FEFBD5-1825-4AED-B370-0FD5B770A133}
		{071F08FB-DEB6-4550-BA4A-5E37C73C8AE3} = {071F08FB-DEB6-4550-BA4A-5E37C73C8AE3}
		{981F7288-DB24-4641-AB9A-298AC911EC18} = {981F7288-DB24-4641-AB9A-298AC911EC18}
		{ECE9959F-22C2-4B0D-9070-DEFD5D7AA57D} = {ECE9959F-22C2-4B0D-9070-DEFD5D7AA57D}
		{2F88296D-FBFD-48A8-BACC-6EC595BCB78B} = {2F88296D-FBFD-48A8-BACC-6EC595BCB78B}
	EndProjectSection
EndProject
Global
	GlobalSection(SolutionConfigurationPlatforms) = preSolution
		Release|Win32 = Release|Win32
		VSDebug|Win32 = VSDebug|Win32
	EndGlobalSection
	GlobalSection(ProjectConfigurationPlatforms) = postSolution
		{C7FEFBD5-1825-4AED-B370-0FD5B770A133}.Release|Win32.ActiveCfg = Release|Win32
		{C7FEFBD5-1825-4AED-B370-0FD5B770A133}.Release|Win32.Build.0 = Release|Win32
		{C7FEFBD5-1825-4AED-B370-0FD5B770A133}.VSDebug|Win32.ActiveCfg = VSDebug|Win32
		{C7FEFBD5-1825-4AED-B370-0FD5B770A133}.VSDebug|Win32.Build.0 = VSDebug|Win32
		{CA10B2CC-C3CF-49A3-BA29-BF339FD03951}.Release|Win32.ActiveCfg = Release|Win32
		{CA10B2CC-C3CF-49A3-BA29-BF339FD03951}.Release|Win32.Build.0 = Release|Win32
		{CA10B2CC-C3CF-49A3-BA29-BF339FD03951}.VSDebug|Win32.ActiveCfg = VSDebug|Win32
		{CA10B2CC-C3CF-49A3-BA29-BF339FD03951}.VSDebug|Win32.Build.0 = VSDebug|Win32
		{071F08FB-DEB6-4550-BA4A-5E37C73C8AE3}.Release|Win32.ActiveCfg = Release|Win32
		{071F08FB-DEB6-4550-BA4A-5E37C73C8AE3}.Release|Win32.Build.0 = Release|Win32
		{071F08FB-DEB6-4550-BA4A-5E37C73C8AE3}.VSDebug|Win32.ActiveCfg = VSDebug|Win32
		{071F08FB-DEB6-4550-BA4A-5E37C73C8AE3}.VSDebug|Win32.Build.0 = VSDebug|Win32
		{ECA0E6C3-9803-41CD-9C99-7B3DF9163F1C}.Release|Win32.ActiveCfg = Release|Win32
		{ECA0E6C3-9803-41CD-9C99-7B3DF9163F1C}.Release|Win32.Build.0 = Release|Win32
		{ECA0E6C3-9803-41CD-9C99-7B3DF9163F1C}.VSDebug|Win32.ActiveCfg = VSDebug|Win32
		{ECA0E6C3-9803-41CD-9C99-7B3DF9163F1C}.VSDebug|Win32.Build.0 = VSDebug|Win32
		{24905EF1-21F1-47B6-B218-51757EDE85C1}.Release|Win32.ActiveCfg = Release|Win32
		{24905EF1-21F1-47B6-B218-51757EDE85C1}.Release|Win32.Build.0 = Release|Win32
		{24905EF1-21F1-47B6-B218-51757EDE85C1}.VSDebug|Win32.ActiveCfg = VSDebug|Win32
		{24905EF1-21F1-47B6-B218-51757EDE85C1}.VSDebug|Win32.Build.0 = VSDebug|Win32
		{50D30CE1-4192-408C-B5C0-505A532A934E}.Release|Win32.ActiveCfg = Release|Win32
		{50D30CE1-4192-408C-B5C0-505A532A934E}.Release|Win32.Build.0 = Release|Win32
		{50D30CE1-4192-408C-B5C0-505A532A934E}.VSDebug|Win32.ActiveCfg = VSDebug|Win32
		{50D30CE1-4192-408C-B5C0-505A532A934E}.VSDebug|Win32.Build.0 = VSDebug|Win32
		{6084967C-5061-47D7-8A5F-3BC53ED6D314}.Release|Win32.ActiveCfg = Release|Win32
		{6084967C-5061-47D7-8A5F-3BC53ED6D314}.Release|Win32.Build.0 = Release|Win32
		{6084967C-5061-47D7-8A5F-3BC53ED6D314}.VSDebug|Win32.ActiveCfg = VSDebug|Win32
		{6084967C-5061-47D7-8A5F-3BC53ED6D314}.VSDebug|Win32.Build.0 = VSDebug|Win32
		{EFDEDE63-6AAD-4C92-978C-B15F3C59CE32}.Release|Win32.ActiveCfg = Release|Win32
		{EFDEDE63-6AAD-4C92-978C-B15F3C59CE32}.Release|Win32.Build.0 = Release|Win32
		{EFDEDE63-6AAD-4C92-978C-B15F3C59CE32}.VSDebug|Win32.ActiveCfg = VSDebug|Win32
		{EFDEDE63-6AAD-4C92-978C-B15F3C59CE32}.VSDebug|Win32.Build.0 = VSDebug|Win32
		{2839D2D6-46A2-49CC-A6BB-99125A6AA3A4}.Release|Win32.ActiveCfg = Release|Win32
		{2839D2D6-46A2-49CC-A6BB-99125A6AA3A4}.Release|Win32.Build.0 = Release|Win32
		{2839D2D6-46A2-49CC-A6BB-99125A6AA3A4}.VSDebug|Win32.ActiveCfg = VSDebug|Win32
		{2839D2D6-46A2-49CC-A6BB-99125A6AA3A4}.VSDebug|Win32.Build.0 = VSDebug|Win32
		{7C0164C1-ACAD-4BF1-92A5-9407624A134D}.Release|Win32.ActiveCfg = Release|Win32
		{7C0164C1-ACAD-4BF1-92A5-9407624A134D}.Release|Win32.Build.0 = Release|Win32
		{7C0164C1-ACAD-4BF1-92A5-9407624A134D}.VSDebug|Win32.ActiveCfg = VSDebug|Win32
		{7C0164C1-ACAD-4BF1-92A5-9407624A134D}.VSDebug|Win32.Build.0 = VSDebug|Win32
		{2F88296D-FBFD-48A8-BACC-6EC595BCB78B}.Release|Win32.ActiveCfg = Release|Win32
		{2F88296D-FBFD-48A8-BACC-6EC595BCB78B}.Release|Win32.Build.0 = Release|Win32
		{2F88296D-FBFD-48A8-BACC-6EC595BCB78B}.VSDebug|Win32.ActiveCfg = VSDebug|Win32
		{2F88296D-FBFD-48A8-BACC-6EC595BCB78B}.VSDebug|Win32.Build.0 = VSDebug|Win32
		{981F7288-DB24-4641-AB9A-298AC911EC18}.Release|Win32.ActiveCfg = Release|Win32
		{981F7288-DB24-4641-AB9A-298AC911EC18}.Release|Win32.Build.0 = Release|Win32
		{981F7288-DB24-4641-AB9A-298AC911EC18}.VSDebug|Win32.ActiveCfg = VSDebug|Win32
		{981F7288-DB24-4641-AB9A-298AC911EC18}.VSDebug|Win32.Build.0 = VSDebug|Win32
		{FE859D84-EC70-43E6-B804-42747152E330}.Release|Win32.ActiveCfg = Release|Win32
		{FE859D84-EC70-43E6-B804-42747152E330}.Release|Win32.Build.0 = Release|Win32
		{FE859D84-EC70-43E6-B804-42747152E330}.VSDebug|Win32.ActiveCfg = VSDebug|Win32
		{FE859D84-EC70-43E6-B804-42747152E330}.VSDebug|Win32.Build.0 = VSDebug|Win32
		{ECE9959F-22C2-4B0D-9070-DEFD5D7AA57D}.Release|Win32.ActiveCfg = Release|Win32
		{ECE9959F-22C2-4B0D-9070-DEFD5D7AA57D}.Release|Win32.Build.0 = Release|Win32
		{ECE9959F-22C2-4B0D-9070-DEFD5D7AA57D}.VSDebug|Win32.ActiveCfg = VSDebug|Win32
		{ECE9959F-22C2-4B0D-9070-DEFD5D7AA57D}.VSDebug|Win32.Build.0 = VSDebug|Win32
		{CAF4F5F4-EDB4-4365-ACB6-9DCF56676A77}.Release|Win32.ActiveCfg = Release|Win32
		{CAF4F5F4-EDB4-4365-ACB6-9DCF56676A77}.Release|Win32.Build.0 = Release|Win32
		{CAF4F5F4-EDB4-4365-ACB6-9DCF56676A77}.VSDebug|Win32.ActiveCfg = VSDebug|Win32
		{CAF4F5F4-EDB4-4365-ACB6-9DCF56676A77}.VSDebug|Win32.Build.0 = VSDebug|Win32
		{6DB3AC71-D53A-4DA4-8A22-1FCAC11F9D4D}.Release|Win32.ActiveCfg = Release|Win32
		{6DB3AC71-D53A-4DA4-8A22-1FCAC11F9D4D}.Release|Win32.Build.0 = Release|Win32
		{6DB3AC71-D53A-4DA4-8A22-1FCAC11F9D4D}.VSDebug|Win32.ActiveCfg = VSDebug|Win32
		{6DB3AC71-D53A-4DA4-8A22-1FCAC11F9D4D}.VSDebug|Win32.Build.0 = VSDebug|Win32
	EndGlobalSection
	GlobalSection(SolutionProperties) = preSolution
		HideSolutionNode = FALSE
	EndGlobalSection
EndGlobal
